<?xml version="1.0" encoding="utf-8"?>
<Project ToolsVersion="4.0" xmlns="http://schemas.microsoft.com/developer/msbuild/2003">
  <ItemGroup>
    <ClCompile Include="main.cpp" />
    <ClCompile Include="noise.cpp" />
    <ClCompile Include="shockBurst.cpp" />
    <ClCompile Include="sserver.cpp" />
    <ClCompile Include="WeatherSensor.cpp" />
  </ItemGroup>
  <ItemGroup>
    <ClInclude Include="noise.h" />
    <ClInclude Include="shockBurst.h" />
    <ClInclude Include="sserver.h" />
    <ClInclude Include="WeatherSensor.h" />
  </ItemGroup>
</Project>